{
    "_readme": [
        "This file locks the dependencies of your project to a known state",
        "Read more about it at https://getcomposer.org/doc/01-basic-usage.md#installing-dependencies",
        "This file is @generated automatically"
    ],
    "content-hash": "978735324332f1cb42bd071822252312",
    "packages": [
        {
            "name": "czproject/git-php",
            "version": "v3.14.0",
            "source": {
                "type": "git",
                "url": "https://github.com/czproject/git-php.git",
                "reference": "6faf55527a17fb569456709c2769a6d8749ceb6d"
            },
            "dist": {
                "type": "zip",
                "url": "https://api.github.com/repos/czproject/git-php/zipball/6faf55527a17fb569456709c2769a6d8749ceb6d",
                "reference": "6faf55527a17fb569456709c2769a6d8749ceb6d",
                "shasum": ""
            },
            "require": {
                "php": ">=5.4.0"
            },
            "require-dev": {
                "nette/tester": "~1.1.0"
            },
            "type": "library",
            "autoload": {
                "classmap": [
                    "src/"
                ]
            },
            "notification-url": "https://packagist.org/downloads/",
            "license": [
                "BSD-3-Clause"
            ],
            "authors": [
                {
                    "name": "Jan Pecha",
                    "email": "janpecha@email.cz"
                }
            ],
            "description": "Library for work with Git repository in PHP.",
            "keywords": [
                "git"
            ],
            "time": "2018-04-17T08:52:47+00:00"
        }
    ],
    "packages-dev": [],
    "aliases": [],
    "minimum-stability": "stable",
    "stability-flags": [],
    "prefer-stable": false,
    "prefer-lowest": false,
    "platform": [],
    "platform-dev": []
}
